
Microsoft Visual Studio Solution File, Format Version 12.00
# Visual Studio 15
VisualStudioVersion = 15.0.26730.12
MinimumVisualStudioVersion = 10.0.40219.1
Project("{FAE04EC0-301F-11D3-BF4B-00C04F79EFBC}") = "TraVitaApp.Android", "TraVitaApp\TraVitaApp.Android\TraVitaApp.Android.csproj", "{97381BD2-D0B8-4C6F-89F4-1C93AD643887}"
EndProject
Project("{FAE04EC0-301F-11D3-BF4B-00C04F79EFBC}") = "TraVitaApp", "TraVitaApp\TraVitaApp\TraVitaApp.csproj", "{27E00252-9178-43AD-91B1-7D7BAE27D201}"
EndProject
Project("{FAE04EC0-301F-11D3-BF4B-00C04F79EFBC}") = "TraVitaApp.iOS", "TraVitaApp\TraVitaApp.iOS\TraVitaApp.iOS.csproj", "{C7AEA5EE-BFAE-4AA5-9156-8803829D1892}"
EndProject
Global
	GlobalSection(SolutionConfigurationPlatforms) = preSolution
		Ad-Hoc|Any CPU = Ad-Hoc|Any CPU
		Ad-Hoc|iPhone = Ad-Hoc|iPhone
		Ad-Hoc|iPhoneSimulator = Ad-Hoc|iPhoneSimulator
		AppStore|Any CPU = AppStore|Any CPU
		AppStore|iPhone = AppStore|iPhone
		AppStore|iPhoneSimulator = AppStore|iPhoneSimulator
		Debug|Any CPU = Debug|Any CPU
		Debug|iPhone = Debug|iPhone
		Debug|iPhoneSimulator = Debug|iPhoneSimulator
		Release|Any CPU = Release|Any CPU
		Release|iPhone = Release|iPhone
		Release|iPhoneSimulator = Release|iPhoneSimulator
	EndGlobalSection
	GlobalSection(ProjectConfigurationPlatforms) = postSolution
		{97381BD2-D0B8-4C6F-89F4-1C93AD643887}.Ad-Hoc|Any CPU.ActiveCfg = Release|Any CPU
		{97381BD2-D0B8-4C6F-89F4-1C93AD643887}.Ad-Hoc|Any CPU.Build.0 = Release|Any CPU
		{97381BD2-D0B8-4C6F-89F4-1C93AD643887}.Ad-Hoc|Any CPU.Deploy.0 = Release|Any CPU
		{97381BD2-D0B8-4C6F-89F4-1C93AD643887}.Ad-Hoc|iPhone.ActiveCfg = Release|Any CPU
		{97381BD2-D0B8-4C6F-89F4-1C93AD643887}.Ad-Hoc|iPhone.Build.0 = Release|Any CPU
		{97381BD2-D0B8-4C6F-89F4-1C93AD643887}.Ad-Hoc|iPhone.Deploy.0 = Release|Any CPU
		{97381BD2-D0B8-4C6F-89F4-1C93AD643887}.Ad-Hoc|iPhoneSimulator.ActiveCfg = Release|Any CPU
		{97381BD2-D0B8-4C6F-89F4-1C93AD643887}.Ad-Hoc|iPhoneSimulator.Build.0 = Release|Any CPU
		{97381BD2-D0B8-4C6F-89F4-1C93AD643887}.Ad-Hoc|iPhoneSimulator.Deploy.0 = Release|Any CPU
		{97381BD2-D0B8-4C6F-89F4-1C93AD643887}.AppStore|Any CPU.ActiveCfg = Release|Any CPU
		{97381BD2-D0B8-4C6F-89F4-1C93AD643887}.AppStore|Any CPU.Build.0 = Release|Any CPU
		{97381BD2-D0B8-4C6F-89F4-1C93AD643887}.AppStore|Any CPU.Deploy.0 = Release|Any CPU
		{97381BD2-D0B8-4C6F-89F4-1C93AD643887}.AppStore|iPhone.ActiveCfg = Release|Any CPU
		{97381BD2-D0B8-4C6F-89F4-1C93AD643887}.AppStore|iPhone.Build.0 = Release|Any CPU
		{97381BD2-D0B8-4C6F-89F4-1C93AD643887}.AppStore|iPhone.Deploy.0 = Release|Any CPU
		{97381BD2-D0B8-4C6F-89F4-1C93AD643887}.AppStore|iPhoneSimulator.ActiveCfg = Release|Any CPU
		{97381BD2-D0B8-4C6F-89F4-1C93AD643887}.AppStore|iPhoneSimulator.Build.0 = Release|Any CPU
		{97381BD2-D0B8-4C6F-89F4-1C93AD643887}.AppStore|iPhoneSimulator.Deploy.0 = Release|Any CPU
		{97381BD2-D0B8-4C6F-89F4-1C93AD643887}.Debug|Any CPU.ActiveCfg = Debug|Any CPU
		{97381BD2-D0B8-4C6F-89F4-1C93AD643887}.Debug|Any CPU.Build.0 = Debug|Any CPU
		{97381BD2-D0B8-4C6F-89F4-1C93AD643887}.Debug|Any CPU.Deploy.0 = Debug|Any CPU
		{97381BD2-D0B8-4C6F-89F4-1C93AD643887}.Debug|iPhone.ActiveCfg = Debug|Any CPU
		{97381BD2-D0B8-4C6F-89F4-1C93AD643887}.Debug|iPhone.Build.0 = Debug|Any CPU
		{97381BD2-D0B8-4C6F-89F4-1C93AD643887}.Debug|iPhone.Deploy.0 = Debug|Any CPU
		{97381BD2-D0B8-4C6F-89F4-1C93AD643887}.Debug|iPhoneSimulator.ActiveCfg = Debug|Any CPU
		{97381BD2-D0B8-4C6F-89F4-1C93AD643887}.Debug|iPhoneSimulator.Build.0 = Debug|Any CPU
		{97381BD2-D0B8-4C6F-89F4-1C93AD643887}.Debug|iPhoneSimulator.Deploy.0 = Debug|Any CPU
		{97381BD2-D0B8-4C6F-89F4-1C93AD643887}.Release|Any CPU.ActiveCfg = Release|Any CPU
		{97381BD2-D0B8-4C6F-89F4-1C93AD643887}.Release|Any CPU.Build.0 = Release|Any CPU
		{97381BD2-D0B8-4C6F-89F4-1C93AD643887}.Release|Any CPU.Deploy.0 = Release|Any CPU
		{97381BD2-D0B8-4C6F-89F4-1C93AD643887}.Release|iPhone.ActiveCfg = Release|Any CPU
		{97381BD2-D0B8-4C6F-89F4-1C93AD643887}.Release|iPhone.Build.0 = Release|Any CPU
		{97381BD2-D0B8-4C6F-89F4-1C93AD643887}.Release|iPhone.Deploy.0 = Release|Any CPU
		{97381BD2-D0B8-4C6F-89F4-1C93AD643887}.Release|iPhoneSimulator.ActiveCfg = Release|Any CPU
		{97381BD2-D0B8-4C6F-89F4-1C93AD643887}.Release|iPhoneSimulator.Build.0 = Release|Any CPU
		{97381BD2-D0B8-4C6F-89F4-1C93AD643887}.Release|iPhoneSimulator.Deploy.0 = Release|Any CPU
		{27E00252-9178-43AD-91B1-7D7BAE27D201}.Ad-Hoc|Any CPU.ActiveCfg = Release|Any CPU
		{27E00252-9178-43AD-91B1-7D7BAE27D201}.Ad-Hoc|Any CPU.Build.0 = Release|Any CPU
		{27E00252-9178-43AD-91B1-7D7BAE27D201}.Ad-Hoc|iPhone.ActiveCfg = Release|Any CPU
		{27E00252-9178-43AD-91B1-7D7BAE27D201}.Ad-Hoc|iPhone.Build.0 = Release|Any CPU
		{27E00252-9178-43AD-91B1-7D7BAE27D201}.Ad-Hoc|iPhoneSimulator.ActiveCfg = Release|Any CPU
		{27E00252-9178-43AD-91B1-7D7BAE27D201}.Ad-Hoc|iPhoneSimulator.Build.0 = Release|Any CPU
		{27E00252-9178-43AD-91B1-7D7BAE27D201}.AppStore|Any CPU.ActiveCfg = Release|Any CPU
		{27E00252-9178-43AD-91B1-7D7BAE27D201}.AppStore|Any CPU.Build.0 = Release|Any CPU
		{27E00252-9178-43AD-91B1-7D7BAE27D201}.AppStore|iPhone.ActiveCfg = Release|Any CPU
		{27E00252-9178-43AD-91B1-7D7BAE27D201}.AppStore|iPhone.Build.0 = Release|Any CPU
		{27E00252-9178-43AD-91B1-7D7BAE27D201}.AppStore|iPhoneSimulator.ActiveCfg = Release|Any CPU
		{27E00252-9178-43AD-91B1-7D7BAE27D201}.AppStore|iPhoneSimulator.Build.0 = Release|Any CPU
		{27E00252-9178-43AD-91B1-7D7BAE27D201}.Debug|Any CPU.ActiveCfg = Debug|Any CPU
		{27E00252-9178-43AD-91B1-7D7BAE27D201}.Debug|Any CPU.Build.0 = Debug|Any CPU
		{27E00252-9178-43AD-91B1-7D7BAE27D201}.Debug|iPhone.ActiveCfg = Debug|Any CPU
		{27E00252-9178-43AD-91B1-7D7BAE27D201}.Debug|iPhone.Build.0 = Debug|Any CPU
		{27E00252-9178-43AD-91B1-7D7BAE27D201}.Debug|iPhoneSimulator.ActiveCfg = Debug|Any CPU
		{27E00252-9178-43AD-91B1-7D7BAE27D201}.Debug|iPhoneSimulator.Build.0 = Debug|Any CPU
		{27E00252-9178-43AD-91B1-7D7BAE27D201}.Release|Any CPU.ActiveCfg = Release|Any CPU
		{27E00252-9178-43AD-91B1-7D7BAE27D201}.Release|Any CPU.Build.0 = Release|Any CPU
		{27E00252-9178-43AD-91B1-7D7BAE27D201}.Release|iPhone.ActiveCfg = Release|Any CPU
		{27E00252-9178-43AD-91B1-7D7BAE27D201}.Release|iPhone.Build.0 = Release|Any CPU
		{27E00252-9178-43AD-91B1-7D7BAE27D201}.Release|iPhoneSimulator.ActiveCfg = Release|Any CPU
		{27E00252-9178-43AD-91B1-7D7BAE27D201}.Release|iPhoneSimulator.Build.0 = Release|Any CPU
		{C7AEA5EE-BFAE-4AA5-9156-8803829D1892}.Ad-Hoc|Any CPU.ActiveCfg = Ad-Hoc|iPhone
		{C7AEA5EE-BFAE-4AA5-9156-8803829D1892}.Ad-Hoc|iPhone.ActiveCfg = Ad-Hoc|iPhone
		{C7AEA5EE-BFAE-4AA5-9156-8803829D1892}.Ad-Hoc|iPhone.Build.0 = Ad-Hoc|iPhone
		{C7AEA5EE-BFAE-4AA5-9156-8803829D1892}.Ad-Hoc|iPhoneSimulator.ActiveCfg = Ad-Hoc|iPhoneSimulator
		{C7AEA5EE-BFAE-4AA5-9156-8803829D1892}.Ad-Hoc|iPhoneSimulator.Build.0 = Ad-Hoc|iPhoneSimulator
		{C7AEA5EE-BFAE-4AA5-9156-8803829D1892}.AppStore|Any CPU.ActiveCfg = AppStore|iPhone
		{C7AEA5EE-BFAE-4AA5-9156-8803829D1892}.AppStore|iPhone.ActiveCfg = AppStore|iPhone
		{C7AEA5EE-BFAE-4AA5-9156-8803829D1892}.AppStore|iPhone.Build.0 = AppStore|iPhone
		{C7AEA5EE-BFAE-4AA5-9156-8803829D1892}.AppStore|iPhoneSimulator.ActiveCfg = AppStore|iPhoneSimulator
		{C7AEA5EE-BFAE-4AA5-9156-8803829D1892}.AppStore|iPhoneSimulator.Build.0 = AppStore|iPhoneSimulator
		{C7AEA5EE-BFAE-4AA5-9156-8803829D1892}.Debug|Any CPU.ActiveCfg = Debug|iPhone
		{C7AEA5EE-BFAE-4AA5-9156-8803829D1892}.Debug|iPhone.ActiveCfg = Debug|iPhone
		{C7AEA5EE-BFAE-4AA5-9156-8803829D1892}.Debug|iPhone.Build.0 = Debug|iPhone
		{C7AEA5EE-BFAE-4AA5-9156-8803829D1892}.Debug|iPhoneSimulator.ActiveCfg = Debug|iPhoneSimulator
		{C7AEA5EE-BFAE-4AA5-9156-8803829D1892}.Debug|iPhoneSimulator.Build.0 = Debug|iPhoneSimulator
		{C7AEA5EE-BFAE-4AA5-9156-8803829D1892}.Release|Any CPU.ActiveCfg = Release|iPhone
		{C7AEA5EE-BFAE-4AA5-9156-8803829D1892}.Release|iPhone.ActiveCfg = Release|iPhone
		{C7AEA5EE-BFAE-4AA5-9156-8803829D1892}.Release|iPhone.Build.0 = Release|iPhone
		{C7AEA5EE-BFAE-4AA5-9156-8803829D1892}.Release|iPhoneSimulator.ActiveCfg = Release|iPhoneSimulator
		{C7AEA5EE-BFAE-4AA5-9156-8803829D1892}.Release|iPhoneSimulator.Build.0 = Release|iPhoneSimulator
	EndGlobalSection
	GlobalSection(SolutionProperties) = preSolution
		HideSolutionNode = FALSE
	EndGlobalSection
	GlobalSection(ExtensibilityGlobals) = postSolution
		SolutionGuid = {780A91D2-3F35-414E-A72F-6CBC1BE93A04}
	EndGlobalSection
EndGlobal
